
Microsoft Visual Studio Solution File, Format Version 12.00
# Visual Studio Version 17
VisualStudioVersion = 17.4.33213.308
MinimumVisualStudioVersion = 10.0.40219.1
Project("{FAE04EC0-301F-11D3-BF4B-00C04F79EFBC}") = "Ejercicio1_2.Android", "Ejercicio1_2.Android\Ejercicio1_2.Android.csproj", "{752B0118-6842-48DA-B3D1-C644A347E5DC}"
EndProject
Project("{FAE04EC0-301F-11D3-BF4B-00C04F79EFBC}") = "Ejercicio1_2", "Ejercicio1_2\Ejercicio1_2.csproj", "{73CD2EF0-2504-4D5C-AE29-E0D276F5FFED}"
EndProject
Global
	GlobalSection(SolutionConfigurationPlatforms) = preSolution
		Debug|Any CPU = Debug|Any CPU
		Release|Any CPU = Release|Any CPU
	EndGlobalSection
	GlobalSection(ProjectConfigurationPlatforms) = postSolution
		{752B0118-6842-48DA-B3D1-C644A347E5DC}.Debug|Any CPU.ActiveCfg = Debug|Any CPU
		{752B0118-6842-48DA-B3D1-C644A347E5DC}.Debug|Any CPU.Build.0 = Debug|Any CPU
		{752B0118-6842-48DA-B3D1-C644A347E5DC}.Debug|Any CPU.Deploy.0 = Debug|Any CPU
		{752B0118-6842-48DA-B3D1-C644A347E5DC}.Release|Any CPU.ActiveCfg = Release|Any CPU
		{752B0118-6842-48DA-B3D1-C644A347E5DC}.Release|Any CPU.Build.0 = Release|Any CPU
		{752B0118-6842-48DA-B3D1-C644A347E5DC}.Release|Any CPU.Deploy.0 = Release|Any CPU
		{73CD2EF0-2504-4D5C-AE29-E0D276F5FFED}.Debug|Any CPU.ActiveCfg = Debug|Any CPU
		{73CD2EF0-2504-4D5C-AE29-E0D276F5FFED}.Debug|Any CPU.Build.0 = Debug|Any CPU
		{73CD2EF0-2504-4D5C-AE29-E0D276F5FFED}.Debug|Any CPU.Deploy.0 = Debug|Any CPU
		{73CD2EF0-2504-4D5C-AE29-E0D276F5FFED}.Release|Any CPU.ActiveCfg = Release|Any CPU
		{73CD2EF0-2504-4D5C-AE29-E0D276F5FFED}.Release|Any CPU.Build.0 = Release|Any CPU
		{73CD2EF0-2504-4D5C-AE29-E0D276F5FFED}.Release|Any CPU.Deploy.0 = Release|Any CPU
	EndGlobalSection
	GlobalSection(SolutionProperties) = preSolution
		HideSolutionNode = FALSE
	EndGlobalSection
	GlobalSection(ExtensibilityGlobals) = postSolution
		SolutionGuid = {6E7E4A4B-070C-4948-8397-0732E1787ABB}
	EndGlobalSection
EndGlobal
